// !$*UTF8*$!
{
	archiveVersion = 1;
	classes = {
	};
	objectVersion = 50;
	objects = {

/* Begin PBXBuildFile section */
		CC09E668248DCB1C00C3DFD2 /* Pie.swift in Sources */ = {isa = PBXBuildFile; fileRef = CC09E667248DCB1C00C3DFD2 /* Pie.swift */; };
		CC09E68C248EAFF200C3DFD2 /* Cardify.swift in Sources */ = {isa = PBXBuildFile; fileRef = CC09E68B248EAFF200C3DFD2 /* Cardify.swift */; };
		CCDE995D2485B5D300DCC43E /* Grid.swift in Sources */ = {isa = PBXBuildFile; fileRef = CCDE995C2485B5D300DCC43E /* Grid.swift */; };
		CCDE995F2485BB9700DCC43E /* GridLayout.swift in Sources */ = {isa = PBXBuildFile; fileRef = CCDE995E2485BB9700DCC43E /* GridLayout.swift */; };
		CCDE99612485BF5000DCC43E /* Array+Identifiable.swift in Sources */ = {isa = PBXBuildFile; fileRef = CCDE99602485BF5000DCC43E /* Array+Identifiable.swift */; };
		CCDE996324874A2200DCC43E /* Array+Only.swift in Sources */ = {isa = PBXBuildFile; fileRef = CCDE996224874A2200DCC43E /* Array+Only.swift */; };
		CCE9924C247B4E90000B9E24 /* MemoryGame.swift in Sources */ = {isa = PBXBuildFile; fileRef = CCE9924B247B4E90000B9E24 /* MemoryGame.swift */; };
		CCE9924E247B5023000B9E24 /* EmojiMemoryGame.swift in Sources */ = {isa = PBXBuildFile; fileRef = CCE9924D247B5023000B9E24 /* EmojiMemoryGame.swift */; };
		CCF4AD98247609BD009F9905 /* AppDelegate.swift in Sources */ = {isa = PBXBuildFile; fileRef = CCF4AD97247609BD009F9905 /* AppDelegate.swift */; };
		CCF4AD9A247609BD009F9905 /* SceneDelegate.swift in Sources */ = {isa = PBXBuildFile; fileRef = CCF4AD99247609BD009F9905 /* SceneDelegate.swift */; };
		CCF4AD9C247609BD009F9905 /* EmojiMemoryGameView.swift in Sources */ = {isa = PBXBuildFile; fileRef = CCF4AD9B247609BD009F9905 /* EmojiMemoryGameView.swift */; };
		CCF4AD9E247609C1009F9905 /* Assets.xcassets in Resources */ = {isa = PBXBuildFile; fileRef = CCF4AD9D247609C1009F9905 /* Assets.xcassets */; };
		CCF4ADA1247609C1009F9905 /* Preview Assets.xcassets in Resources */ = {isa = PBXBuildFile; fileRef = CCF4ADA0247609C1009F9905 /* Preview Assets.xcassets */; };
		CCF4ADA4247609C1009F9905 /* LaunchScreen.storyboard in Resources */ = {isa = PBXBuildFile; fileRef = CCF4ADA2247609C1009F9905 /* LaunchScreen.storyboard */; };
/* End PBXBuildFile section */

/* Begin PBXFileReference section */
		CC09E667248DCB1C00C3DFD2 /* Pie.swift */ = {isa = PBXFileReference; lastKnownFileType = sourcecode.swift; path = Pie.swift; sourceTree = "<group>"; };
		CC09E68B248EAFF200C3DFD2 /* Cardify.swift */ = {isa = PBXFileReference; lastKnownFileType = sourcecode.swift; path = Cardify.swift; sourceTree = "<group>"; };
		CCDE995C2485B5D300DCC43E /* Grid.swift */ = {isa = PBXFileReference; lastKnownFileType = sourcecode.swift; path = Grid.swift; sourceTree = "<group>"; };
		CCDE995E2485BB9700DCC43E /* GridLayout.swift */ = {isa = PBXFileReference; fileEncoding = 4; lastKnownFileType = sourcecode.swift; path = GridLayout.swift; sourceTree = "<group>"; };
		CCDE99602485BF5000DCC43E /* Array+Identifiable.swift */ = {isa = PBXFileReference; lastKnownFileType = sourcecode.swift; path = "Array+Identifiable.swift"; sourceTree = "<group>"; };
		CCDE996224874A2200DCC43E /* Array+Only.swift */ = {isa = PBXFileReference; lastKnownFileType = sourcecode.swift; path = "Array+Only.swift"; sourceTree = "<group>"; };
		CCE9924B247B4E90000B9E24 /* MemoryGame.swift */ = {isa = PBXFileReference; lastKnownFileType = sourcecode.swift; path = MemoryGame.swift; sourceTree = SOURCE_ROOT; };
		CCE9924D247B5023000B9E24 /* EmojiMemoryGame.swift */ = {isa = PBXFileReference; lastKnownFileType = sourcecode.swift; path = EmojiMemoryGame.swift; sourceTree = "<group>"; };
		CCF4AD94247609BD009F9905 /* Memorize.app */ = {isa = PBXFileReference; explicitFileType = wrapper.application; includeInIndex = 0; path = Memorize.app; sourceTree = BUILT_PRODUCTS_DIR; };
		CCF4AD97247609BD009F9905 /* AppDelegate.swift */ = {isa = PBXFileReference; lastKnownFileType = sourcecode.swift; path = AppDelegate.swift; sourceTree = "<group>"; };
		CCF4AD99247609BD009F9905 /* SceneDelegate.swift */ = {isa = PBXFileReference; lastKnownFileType = sourcecode.swift; path = SceneDelegate.swift; sourceTree = "<group>"; };
		CCF4AD9B247609BD009F9905 /* EmojiMemoryGameView.swift */ = {isa = PBXFileReference; lastKnownFileType = sourcecode.swift; path = EmojiMemoryGameView.swift; sourceTree = "<group>"; };
		CCF4AD9D247609C1009F9905 /* Assets.xcassets */ = {isa = PBXFileReference; lastKnownFileType = folder.assetcatalog; path = Assets.xcassets; sourceTree = "<group>"; };
		CCF4ADA0247609C1009F9905 /* Preview Assets.xcassets */ = {isa = PBXFileReference; lastKnownFileType = folder.assetcatalog; path = "Preview Assets.xcassets"; sourceTree = "<group>"; };
		CCF4ADA3247609C1009F9905 /* Base */ = {isa = PBXFileReference; lastKnownFileType = file.storyboard; name = Base; path = Base.lproj/LaunchScreen.storyboard; sourceTree = "<group>"; };
		CCF4ADA5247609C1009F9905 /* Info.plist */ = {isa = PBXFileReference; lastKnownFileType = text.plist.xml; path = Info.plist; sourceTree = "<group>"; };
/* End PBXFileReference section */

/* Begin PBXFrameworksBuildPhase section */
		CCF4AD91247609BD009F9905 /* Frameworks */ = {
			isa = PBXFrameworksBuildPhase;
			buildActionMask = 2147483647;
			files = (
			);
			runOnlyForDeploymentPostprocessing = 0;
		};
/* End PBXFrameworksBuildPhase section */

/* Begin PBXGroup section */
		CCF4AD8B247609BD009F9905 = {
			isa = PBXGroup;
			children = (
				CCF4AD96247609BD009F9905 /* Memorize */,
				CCF4AD95247609BD009F9905 /* Products */,
			);
			sourceTree = "<group>";
		};
		CCF4AD95247609BD009F9905 /* Products */ = {
			isa = PBXGroup;
			children = (
				CCF4AD94247609BD009F9905 /* Memorize.app */,
			);
			name = Products;
			sourceTree = "<group>";
		};
		CCF4AD96247609BD009F9905 /* Memorize */ = {
			isa = PBXGroup;
			children = (
				CCF4AD9B247609BD009F9905 /* EmojiMemoryGameView.swift */,
				CC09E68B248EAFF200C3DFD2 /* Cardify.swift */,
				CC09E667248DCB1C00C3DFD2 /* Pie.swift */,
				CCE9924D247B5023000B9E24 /* EmojiMemoryGame.swift */,
				CCDE995C2485B5D300DCC43E /* Grid.swift */,
				CCDE99602485BF5000DCC43E /* Array+Identifiable.swift */,
				CCDE995E2485BB9700DCC43E /* GridLayout.swift */,
				CCE9924B247B4E90000B9E24 /* MemoryGame.swift */,
				CCDE996224874A2200DCC43E /* Array+Only.swift */,
				CCF4AD97247609BD009F9905 /* AppDelegate.swift */,
				CCF4AD99247609BD009F9905 /* SceneDelegate.swift */,
				CCF4AD9D247609C1009F9905 /* Assets.xcassets */,
				CCF4ADA2247609C1009F9905 /* LaunchScreen.storyboard */,
				CCF4ADA5247609C1009F9905 /* Info.plist */,
				CCF4AD9F247609C1009F9905 /* Preview Content */,
			);
			path = Memorize;
			sourceTree = "<group>";
		};
		CCF4AD9F247609C1009F9905 /* Preview Content */ = {
			isa = PBXGroup;
			children = (
				CCF4ADA0247609C1009F9905 /* Preview Assets.xcassets */,
			);
			path = "Preview Content";
			sourceTree = "<group>";
		};
/* End PBXGroup section */

/* Begin PBXNativeTarget section */
		CCF4AD93247609BD009F9905 /* Memorize */ = {
			isa = PBXNativeTarget;
			buildConfigurationList = CCF4ADA8247609C1009F9905 /* Build configuration list for PBXNativeTarget "Memorize" */;
			buildPhases = (
				CCF4AD90247609BD009F9905 /* Sources */,
				CCF4AD91247609BD009F9905 /* Frameworks */,
				CCF4AD92247609BD009F9905 /* Resources */,
			);
			buildRules = (
			);
			dependencies = (
			);
			name = Memorize;
			productName = Memorize;
			productReference = CCF4AD94247609BD009F9905 /* Memorize.app */;
			productType = "com.apple.product-type.application";
		};
/* End PBXNativeTarget section */

/* Begin PBXProject section */
		CCF4AD8C247609BD009F9905 /* Project object */ = {
			isa = PBXProject;
			attributes = {
				LastSwiftUpdateCheck = 1140;
				LastUpgradeCheck = 1140;
				ORGANIZATIONNAME = "Garrick Henne";
				TargetAttributes = {
					CCF4AD93247609BD009F9905 = {
						CreatedOnToolsVersion = 11.4.1;
					};
				};
			};
			buildConfigurationList = CCF4AD8F247609BD009F9905 /* Build configuration list for PBXProject "Memorize" */;
			compatibilityVersion = "Xcode 9.3";
			developmentRegion = en;
			hasScannedForEncodings = 0;
			knownRegions = (
				en,
				Base,
			);
			mainGroup = CCF4AD8B247609BD009F9905;
			productRefGroup = CCF4AD95247609BD009F9905 /* Products */;
			projectDirPath = "";
			projectRoot = "";
			targets = (
				CCF4AD93247609BD009F9905 /* Memorize */,
			);
		};
/* End PBXProject section */

/* Begin PBXResourcesBuildPhase section */
		CCF4AD92247609BD009F9905 /* Resources */ = {
			isa = PBXResourcesBuildPhase;
			buildActionMask = 2147483647;
			files = (
				CCF4ADA4247609C1009F9905 /* LaunchScreen.storyboard in Resources */,
				CCF4ADA1247609C1009F9905 /* Preview Assets.xcassets in Resources */,
				CCF4AD9E247609C1009F9905 /* Assets.xcassets in Resources */,
			);
			runOnlyForDeploymentPostprocessing = 0;
		};
/* End PBXResourcesBuildPhase section */

/* Begin PBXSourcesBuildPhase section */
		CCF4AD90247609BD009F9905 /* Sources */ = {
			isa = PBXSourcesBuildPhase;
			buildActionMask = 2147483647;
			files = (
				CC09E68C248EAFF200C3DFD2 /* Cardify.swift in Sources */,
				CC09E668248DCB1C00C3DFD2 /* Pie.swift in Sources */,
				CCF4AD98247609BD009F9905 /* AppDelegate.swift in Sources */,
				CCF4AD9A247609BD009F9905 /* SceneDelegate.swift in Sources */,
				CCE9924C247B4E90000B9E24 /* MemoryGame.swift in Sources */,
				CCDE996324874A2200DCC43E /* Array+Only.swift in Sources */,
				CCF4AD9C247609BD009F9905 /* EmojiMemoryGameView.swift in Sources */,
				CCE9924E247B5023000B9E24 /* EmojiMemoryGame.swift in Sources */,
				CCDE99612485BF5000DCC43E /* Array+Identifiable.swift in Sources */,
				CCDE995F2485BB9700DCC43E /* GridLayout.swift in Sources */,
				CCDE995D2485B5D300DCC43E /* Grid.swift in Sources */,
			);
			runOnlyForDeploymentPostprocessing = 0;
		};
/* End PBXSourcesBuildPhase section */

/* Begin PBXVariantGroup section */
		CCF4ADA2247609C1009F9905 /* LaunchScreen.storyboard */ = {
			isa = PBXVariantGroup;
			children = (
				CCF4ADA3247609C1009F9905 /* Base */,
			);
			name = LaunchScreen.storyboard;
			sourceTree = "<group>";
		};
/* End PBXVariantGroup section */

/* Begin XCBuildConfiguration section */
		CCF4ADA6247609C1009F9905 /* Debug */ = {
			isa = XCBuildConfiguration;
			buildSettings = {
				ALWAYS_SEARCH_USER_PATHS = NO;
				CLANG_ANALYZER_NONNULL = YES;
				CLANG_ANALYZER_NUMBER_OBJECT_CONVERSION = YES_AGGRESSIVE;
				CLANG_CXX_LANGUAGE_STANDARD = "gnu++14";
				CLANG_CXX_LIBRARY = "libc++";
				CLANG_ENABLE_MODULES = YES;
				CLANG_ENABLE_OBJC_ARC = YES;
				CLANG_ENABLE_OBJC_WEAK = YES;
				CLANG_WARN_BLOCK_CAPTURE_AUTORELEASING = YES;
				CLANG_WARN_BOOL_CONVERSION = YES;
				CLANG_WARN_COMMA = YES;
				CLANG_WARN_CONSTANT_CONVERSION = YES;
				CLANG_WARN_DEPRECATED_OBJC_IMPLEMENTATIONS = YES;
				CLANG_WARN_DIRECT_OBJC_ISA_USAGE = YES_ERROR;
				CLANG_WARN_DOCUMENTATION_COMMENTS = YES;
				CLANG_WARN_EMPTY_BODY = YES;
				CLANG_WARN_ENUM_CONVERSION = YES;
				CLANG_WARN_INFINITE_RECURSION = YES;
				CLANG_WARN_INT_CONVERSION = YES;
				CLANG_WARN_NON_LITERAL_NULL_CONVERSION = YES;
				CLANG_WARN_OBJC_IMPLICIT_RETAIN_SELF = YES;
				CLANG_WARN_OBJC_LITERAL_CONVERSION = YES;
				CLANG_WARN_OBJC_ROOT_CLASS = YES_ERROR;
				CLANG_WARN_RANGE_LOOP_ANALYSIS = YES;
				CLANG_WARN_STRICT_PROTOTYPES = YES;
				CLANG_WARN_SUSPICIOUS_MOVE = YES;
				CLANG_WARN_UNGUARDED_AVAILABILITY = YES_AGGRESSIVE;
				CLANG_WARN_UNREACHABLE_CODE = YES;
				CLANG_WARN__DUPLICATE_METHOD_MATCH = YES;
				COPY_PHASE_STRIP = NO;
				DEBUG_INFORMATION_FORMAT = dwarf;
				ENABLE_STRICT_OBJC_MSGSEND = YES;
				ENABLE_TESTABILITY = YES;
				GCC_C_LANGUAGE_STANDARD = gnu11;
				GCC_DYNAMIC_NO_PIC = NO;
				GCC_NO_COMMON_BLOCKS = YES;
				GCC_OPTIMIZATION_LEVEL = 0;
				GCC_PREPROCESSOR_DEFINITIONS = (
					"DEBUG=1",
					"$(inherited)",
				);
				GCC_WARN_64_TO_32_BIT_CONVERSION = YES;
				GCC_WARN_ABOUT_RETURN_TYPE = YES_ERROR;
				GCC_WARN_UNDECLARED_SELECTOR = YES;
				GCC_WARN_UNINITIALIZED_AUTOS = YES_AGGRESSIVE;
				GCC_WARN_UNUSED_FUNCTION = YES;
				GCC_WARN_UNUSED_VARIABLE = YES;
				IPHONEOS_DEPLOYMENT_TARGET = 13.4;
				MTL_ENABLE_DEBUG_INFO = INCLUDE_SOURCE;
				MTL_FAST_MATH = YES;
				ONLY_ACTIVE_ARCH = YES;
				SDKROOT = iphoneos;
				SWIFT_ACTIVE_COMPILATION_CONDITIONS = DEBUG;
				SWIFT_OPTIMIZATION_LEVEL = "-Onone";
			};
			name = Debug;
		};
		CCF4ADA7247609C1009F9905 /* Release */ = {
			isa = XCBuildConfiguration;
			buildSettings = {
				ALWAYS_SEARCH_USER_PATHS = NO;
				CLANG_ANALYZER_NONNULL = YES;
				CLANG_ANALYZER_NUMBER_OBJECT_CONVERSION = YES_AGGRESSIVE;
				CLANG_CXX_LANGUAGE_STANDARD = "gnu++14";
				CLANG_CXX_LIBRARY = "libc++";
				CLANG_ENABLE_MODULES = YES;
				CLANG_ENABLE_OBJC_ARC = YES;
				CLANG_ENABLE_OBJC_WEAK = YES;
				CLANG_WARN_BLOCK_CAPTURE_AUTORELEASING = YES;
				CLANG_WARN_BOOL_CONVERSION = YES;
				CLANG_WARN_COMMA = YES;
				CLANG_WARN_CONSTANT_CONVERSION = YES;
				CLANG_WARN_DEPRECATED_OBJC_IMPLEMENTATIONS = YES;
				CLANG_WARN_DIRECT_OBJC_ISA_USAGE = YES_ERROR;
				CLANG_WARN_DOCUMENTATION_COMMENTS = YES;
				CLANG_WARN_EMPTY_BODY = YES;
				CLANG_WARN_ENUM_CONVERSION = YES;
				CLANG_WARN_INFINITE_RECURSION = YES;
				CLANG_WARN_INT_CONVERSION = YES;
				CLANG_WARN_NON_LITERAL_NULL_CONVERSION = YES;
				CLANG_WARN_OBJC_IMPLICIT_RETAIN_SELF = YES;
				CLANG_WARN_OBJC_LITERAL_CONVERSION = YES;
				CLANG_WARN_OBJC_ROOT_CLASS = YES_ERROR;
				CLANG_WARN_RANGE_LOOP_ANALYSIS = YES;
				CLANG_WARN_STRICT_PROTOTYPES = YES;
				CLANG_WARN_SUSPICIOUS_MOVE = YES;
				CLANG_WARN_UNGUARDED_AVAILABILITY = YES_AGGRESSIVE;
				CLANG_WARN_UNREACHABLE_CODE = YES;
				CLANG_WARN__DUPLICATE_METHOD_MATCH = YES;
				COPY_PHASE_STRIP = NO;
				DEBUG_INFORMATION_FORMAT = "dwarf-with-dsym";
				ENABLE_NS_ASSERTIONS = NO;
				ENABLE_STRICT_OBJC_MSGSEND = YES;
				GCC_C_LANGUAGE_STANDARD = gnu11;
				GCC_NO_COMMON_BLOCKS = YES;
				GCC_WARN_64_TO_32_BIT_CONVERSION = YES;
				GCC_WARN_ABOUT_RETURN_TYPE = YES_ERROR;
				GCC_WARN_UNDECLARED_SELECTOR = YES;
				GCC_WARN_UNINITIALIZED_AUTOS = YES_AGGRESSIVE;
				GCC_WARN_UNUSED_FUNCTION = YES;
				GCC_WARN_UNUSED_VARIABLE = YES;
				IPHONEOS_DEPLOYMENT_TARGET = 13.4;
				MTL_ENABLE_DEBUG_INFO = NO;
				MTL_FAST_MATH = YES;
				SDKROOT = iphoneos;
				SWIFT_COMPILATION_MODE = wholemodule;
				SWIFT_OPTIMIZATION_LEVEL = "-O";
				VALIDATE_PRODUCT = YES;
			};
			name = Release;
		};
		CCF4ADA9247609C1009F9905 /* Debug */ = {
			isa = XCBuildConfiguration;
			buildSettings = {
				ASSETCATALOG_COMPILER_APPICON_NAME = AppIcon;
				CODE_SIGN_STYLE = Automatic;
				DEVELOPMENT_ASSET_PATHS = "\"Memorize/Preview Content\"";
				DEVELOPMENT_TEAM = AS8R6C63BT;
				ENABLE_PREVIEWS = YES;
				INFOPLIST_FILE = Memorize/Info.plist;
				LD_RUNPATH_SEARCH_PATHS = (
					"$(inherited)",
					"@executable_path/Frameworks",
				);
				PRODUCT_BUNDLE_IDENTIFIER = garrickhenne.Memorize;
				PRODUCT_NAME = "$(TARGET_NAME)";
				SWIFT_VERSION = 5.0;
				TARGETED_DEVICE_FAMILY = "1,2";
			};
			name = Debug;
		};
		CCF4ADAA247609C1009F9905 /* Release */ = {
			isa = XCBuildConfiguration;
			buildSettings = {
				ASSETCATALOG_COMPILER_APPICON_NAME = AppIcon;
				CODE_SIGN_STYLE = Automatic;
				DEVELOPMENT_ASSET_PATHS = "\"Memorize/Preview Content\"";
				DEVELOPMENT_TEAM = AS8R6C63BT;
				ENABLE_PREVIEWS = YES;
				INFOPLIST_FILE = Memorize/Info.plist;
				LD_RUNPATH_SEARCH_PATHS = (
					"$(inherited)",
					"@executable_path/Frameworks",
				);
				PRODUCT_BUNDLE_IDENTIFIER = garrickhenne.Memorize;
				PRODUCT_NAME = "$(TARGET_NAME)";
				SWIFT_VERSION = 5.0;
				TARGETED_DEVICE_FAMILY = "1,2";
			};
			name = Release;
		};
/* End XCBuildConfiguration section */

/* Begin XCConfigurationList section */
		CCF4AD8F247609BD009F9905 /* Build configuration list for PBXProject "Memorize" */ = {
			isa = XCConfigurationList;
			buildConfigurations = (
				CCF4ADA6247609C1009F9905 /* Debug */,
				CCF4ADA7247609C1009F9905 /* Release */,
			);
			defaultConfigurationIsVisible = 0;
			defaultConfigurationName = Release;
		};
		CCF4ADA8247609C1009F9905 /* Build configuration list for PBXNativeTarget "Memorize" */ = {
			isa = XCConfigurationList;
			buildConfigurations = (
				CCF4ADA9247609C1009F9905 /* Debug */,
				CCF4ADAA247609C1009F9905 /* Release */,
			);
			defaultConfigurationIsVisible = 0;
			defaultConfigurationName = Release;
		};
/* End XCConfigurationList section */
	};
	rootObject = CCF4AD8C247609BD009F9905 /* Project object */;
}
